// !$*UTF8*$!
{
	archiveVersion = 1;
	classes = {
	};
	objectVersion = 77;
	objects = {

/* Begin PBXContainerItemProxy section */
		F5626DE72DB018440004DE25 /* PBXContainerItemProxy */ = {
			isa = PBXContainerItemProxy;
			containerPortal = F5626DCE2DB018430004DE25 /* Project object */;
			proxyType = 1;
			remoteGlobalIDString = F5626DD52DB018430004DE25;
			remoteInfo = SwifUIBootCamp;
		};
		F5626DF12DB018440004DE25 /* PBXContainerItemProxy */ = {
			isa = PBXContainerItemProxy;
			containerPortal = F5626DCE2DB018430004DE25 /* Project object */;
			proxyType = 1;
			remoteGlobalIDString = F5626DD52DB018430004DE25;
			remoteInfo = SwifUIBootCamp;
		};
/* End PBXContainerItemProxy section */

/* Begin PBXFileReference section */
		F5626DD62DB018430004DE25 /* SwifUIBootCamp.app */ = {isa = PBXFileReference; explicitFileType = wrapper.application; includeInIndex = 0; path = SwifUIBootCamp.app; sourceTree = BUILT_PRODUCTS_DIR; };
		F5626DE62DB018440004DE25 /* SwifUIBootCampTests.xctest */ = {isa = PBXFileReference; explicitFileType = wrapper.cfbundle; includeInIndex = 0; path = SwifUIBootCampTests.xctest; sourceTree = BUILT_PRODUCTS_DIR; };
		F5626DF02DB018440004DE25 /* SwifUIBootCampUITests.xctest */ = {isa = PBXFileReference; explicitFileType = wrapper.cfbundle; includeInIndex = 0; path = SwifUIBootCampUITests.xctest; sourceTree = BUILT_PRODUCTS_DIR; };
/* End PBXFileReference section */

/* Begin PBXFileSystemSynchronizedRootGroup section */
		F5626DD82DB018430004DE25 /* SwifUIBootCamp */ = {
			isa = PBXFileSystemSynchronizedRootGroup;
			path = SwifUIBootCamp;
			sourceTree = "<group>";
		};
		F5626DE92DB018440004DE25 /* SwifUIBootCampTests */ = {
			isa = PBXFileSystemSynchronizedRootGroup;
			path = SwifUIBootCampTests;
			sourceTree = "<group>";
		};
		F5626DF32DB018440004DE25 /* SwifUIBootCampUITests */ = {
			isa = PBXFileSystemSynchronizedRootGroup;
			path = SwifUIBootCampUITests;
			sourceTree = "<group>";
		};
/* End PBXFileSystemSynchronizedRootGroup section */

/* Begin PBXFrameworksBuildPhase section */
		F5626DD32DB018430004DE25 /* Frameworks */ = {
			isa = PBXFrameworksBuildPhase;
			buildActionMask = 2147483647;
			files = (
			);
			runOnlyForDeploymentPostprocessing = 0;
		};
		F5626DE32DB018440004DE25 /* Frameworks */ = {
			isa = PBXFrameworksBuildPhase;
			buildActionMask = 2147483647;
			files = (
			);
			runOnlyForDeploymentPostprocessing = 0;
		};
		F5626DED2DB018440004DE25 /* Frameworks */ = {
			isa = PBXFrameworksBuildPhase;
			buildActionMask = 2147483647;
			files = (
			);
			runOnlyForDeploymentPostprocessing = 0;
		};
/* End PBXFrameworksBuildPhase section */

/* Begin PBXGroup section */
		F5626DCD2DB018430004DE25 = {
			isa = PBXGroup;
			children = (
				F5626DD82DB018430004DE25 /* SwifUIBootCamp */,
				F5626DE92DB018440004DE25 /* SwifUIBootCampTests */,
				F5626DF32DB018440004DE25 /* SwifUIBootCampUITests */,
				F5626DD72DB018430004DE25 /* Products */,
			);
			sourceTree = "<group>";
		};
		F5626DD72DB018430004DE25 /* Products */ = {
			isa = PBXGroup;
			children = (
				F5626DD62DB018430004DE25 /* SwifUIBootCamp.app */,
				F5626DE62DB018440004DE25 /* SwifUIBootCampTests.xctest */,
				F5626DF02DB018440004DE25 /* SwifUIBootCampUITests.xctest */,
			);
			name = Products;
			sourceTree = "<group>";
		};
/* End PBXGroup section */

/* Begin PBXNativeTarget section */
		F5626DD52DB018430004DE25 /* SwifUIBootCamp */ = {
			isa = PBXNativeTarget;
			buildConfigurationList = F5626DFA2DB018440004DE25 /* Build configuration list for PBXNativeTarget "SwifUIBootCamp" */;
			buildPhases = (
				F5626DD22DB018430004DE25 /* Sources */,
				F5626DD32DB018430004DE25 /* Frameworks */,
				F5626DD42DB018430004DE25 /* Resources */,
			);
			buildRules = (
			);
			dependencies = (
			);
			fileSystemSynchronizedGroups = (
				F5626DD82DB018430004DE25 /* SwifUIBootCamp */,
			);
			name = SwifUIBootCamp;
			packageProductDependencies = (
			);
			productName = SwifUIBootCamp;
			productReference = F5626DD62DB018430004DE25 /* SwifUIBootCamp.app */;
			productType = "com.apple.product-type.application";
		};
		F5626DE52DB018440004DE25 /* SwifUIBootCampTests */ = {
			isa = PBXNativeTarget;
			buildConfigurationList = F5626DFD2DB018440004DE25 /* Build configuration list for PBXNativeTarget "SwifUIBootCampTests" */;
			buildPhases = (
				F5626DE22DB018440004DE25 /* Sources */,
				F5626DE32DB018440004DE25 /* Frameworks */,
				F5626DE42DB018440004DE25 /* Resources */,
			);
			buildRules = (
			);
			dependencies = (
				F5626DE82DB018440004DE25 /* PBXTargetDependency */,
			);
			fileSystemSynchronizedGroups = (
				F5626DE92DB018440004DE25 /* SwifUIBootCampTests */,
			);
			name = SwifUIBootCampTests;
			packageProductDependencies = (
			);
			productName = SwifUIBootCampTests;
			productReference = F5626DE62DB018440004DE25 /* SwifUIBootCampTests.xctest */;
			productType = "com.apple.product-type.bundle.unit-test";
		};
		F5626DEF2DB018440004DE25 /* SwifUIBootCampUITests */ = {
			isa = PBXNativeTarget;
			buildConfigurationList = F5626E002DB018440004DE25 /* Build configuration list for PBXNativeTarget "SwifUIBootCampUITests" */;
			buildPhases = (
				F5626DEC2DB018440004DE25 /* Sources */,
				F5626DED2DB018440004DE25 /* Frameworks */,
				F5626DEE2DB018440004DE25 /* Resources */,
			);
			buildRules = (
			);
			dependencies = (
				F5626DF22DB018440004DE25 /* PBXTargetDependency */,
			);
			fileSystemSynchronizedGroups = (
				F5626DF32DB018440004DE25 /* SwifUIBootCampUITests */,
			);
			name = SwifUIBootCampUITests;
			packageProductDependencies = (
			);
			productName = SwifUIBootCampUITests;
			productReference = F5626DF02DB018440004DE25 /* SwifUIBootCampUITests.xctest */;
			productType = "com.apple.product-type.bundle.ui-testing";
		};
/* End PBXNativeTarget section */

/* Begin PBXProject section */
		F5626DCE2DB018430004DE25 /* Project object */ = {
			isa = PBXProject;
			attributes = {
				BuildIndependentTargetsInParallel = 1;
				LastSwiftUpdateCheck = 1620;
				LastUpgradeCheck = 1620;
				TargetAttributes = {
					F5626DD52DB018430004DE25 = {
						CreatedOnToolsVersion = 16.2;
					};
					F5626DE52DB018440004DE25 = {
						CreatedOnToolsVersion = 16.2;
						TestTargetID = F5626DD52DB018430004DE25;
					};
					F5626DEF2DB018440004DE25 = {
						CreatedOnToolsVersion = 16.2;
						TestTargetID = F5626DD52DB018430004DE25;
					};
				};
			};
			buildConfigurationList = F5626DD12DB018430004DE25 /* Build configuration list for PBXProject "SwifUIBootCamp" */;
			developmentRegion = en;
			hasScannedForEncodings = 0;
			knownRegions = (
				en,
				Base,
			);
			mainGroup = F5626DCD2DB018430004DE25;
			minimizedProjectReferenceProxies = 1;
			preferredProjectObjectVersion = 77;
			productRefGroup = F5626DD72DB018430004DE25 /* Products */;
			projectDirPath = "";
			projectRoot = "";
			targets = (
				F5626DD52DB018430004DE25 /* SwifUIBootCamp */,
				F5626DE52DB018440004DE25 /* SwifUIBootCampTests */,
				F5626DEF2DB018440004DE25 /* SwifUIBootCampUITests */,
			);
		};
/* End PBXProject section */

/* Begin PBXResourcesBuildPhase section */
		F5626DD42DB018430004DE25 /* Resources */ = {
			isa = PBXResourcesBuildPhase;
			buildActionMask = 2147483647;
			files = (
			);
			runOnlyForDeploymentPostprocessing = 0;
		};
		F5626DE42DB018440004DE25 /* Resources */ = {
			isa = PBXResourcesBuildPhase;
			buildActionMask = 2147483647;
			files = (
			);
			runOnlyForDeploymentPostprocessing = 0;
		};
		F5626DEE2DB018440004DE25 /* Resources */ = {
			isa = PBXResourcesBuildPhase;
			buildActionMask = 2147483647;
			files = (
			);
			runOnlyForDeploymentPostprocessing = 0;
		};
/* End PBXResourcesBuildPhase section */

/* Begin PBXSourcesBuildPhase section */
		F5626DD22DB018430004DE25 /* Sources */ = {
			isa = PBXSourcesBuildPhase;
			buildActionMask = 2147483647;
			files = (
			);
			runOnlyForDeploymentPostprocessing = 0;
		};
		F5626DE22DB018440004DE25 /* Sources */ = {
			isa = PBXSourcesBuildPhase;
			buildActionMask = 2147483647;
			files = (
			);
			runOnlyForDeploymentPostprocessing = 0;
		};
		F5626DEC2DB018440004DE25 /* Sources */ = {
			isa = PBXSourcesBuildPhase;
			buildActionMask = 2147483647;
			files = (
			);
			runOnlyForDeploymentPostprocessing = 0;
		};
/* End PBXSourcesBuildPhase section */

/* Begin PBXTargetDependency section */
		F5626DE82DB018440004DE25 /* PBXTargetDependency */ = {
			isa = PBXTargetDependency;
			target = F5626DD52DB018430004DE25 /* SwifUIBootCamp */;
			targetProxy = F5626DE72DB018440004DE25 /* PBXContainerItemProxy */;
		};
		F5626DF22DB018440004DE25 /* PBXTargetDependency */ = {
			isa = PBXTargetDependency;
			target = F5626DD52DB018430004DE25 /* SwifUIBootCamp */;
			targetProxy = F5626DF12DB018440004DE25 /* PBXContainerItemProxy */;
		};
/* End PBXTargetDependency section */

/* Begin XCBuildConfiguration section */
		F5626DF82DB018440004DE25 /* Debug */ = {
			isa = XCBuildConfiguration;
			buildSettings = {
				ALWAYS_SEARCH_USER_PATHS = NO;
				ASSETCATALOG_COMPILER_GENERATE_SWIFT_ASSET_SYMBOL_EXTENSIONS = YES;
				CLANG_ANALYZER_NONNULL = YES;
				CLANG_ANALYZER_NUMBER_OBJECT_CONVERSION = YES_AGGRESSIVE;
				CLANG_CXX_LANGUAGE_STANDARD = "gnu++20";
				CLANG_ENABLE_MODULES = YES;
				CLANG_ENABLE_OBJC_ARC = YES;
				CLANG_ENABLE_OBJC_WEAK = YES;
				CLANG_WARN_BLOCK_CAPTURE_AUTORELEASING = YES;
				CLANG_WARN_BOOL_CONVERSION = YES;
				CLANG_WARN_COMMA = YES;
				CLANG_WARN_CONSTANT_CONVERSION = YES;
				CLANG_WARN_DEPRECATED_OBJC_IMPLEMENTATIONS = YES;
				CLANG_WARN_DIRECT_OBJC_ISA_USAGE = YES_ERROR;
				CLANG_WARN_DOCUMENTATION_COMMENTS = YES;
				CLANG_WARN_EMPTY_BODY = YES;
				CLANG_WARN_ENUM_CONVERSION = YES;
				CLANG_WARN_INFINITE_RECURSION = YES;
				CLANG_WARN_INT_CONVERSION = YES;
				CLANG_WARN_NON_LITERAL_NULL_CONVERSION = YES;
				CLANG_WARN_OBJC_IMPLICIT_RETAIN_SELF = YES;
				CLANG_WARN_OBJC_LITERAL_CONVERSION = YES;
				CLANG_WARN_OBJC_ROOT_CLASS = YES_ERROR;
				CLANG_WARN_QUOTED_INCLUDE_IN_FRAMEWORK_HEADER = YES;
				CLANG_WARN_RANGE_LOOP_ANALYSIS = YES;
				CLANG_WARN_STRICT_PROTOTYPES = YES;
				CLANG_WARN_SUSPICIOUS_MOVE = YES;
				CLANG_WARN_UNGUARDED_AVAILABILITY = YES_AGGRESSIVE;
				CLANG_WARN_UNREACHABLE_CODE = YES;
				CLANG_WARN__DUPLICATE_METHOD_MATCH = YES;
				COPY_PHASE_STRIP = NO;
				DEBUG_INFORMATION_FORMAT = dwarf;
				ENABLE_STRICT_OBJC_MSGSEND = YES;
				ENABLE_TESTABILITY = YES;
				ENABLE_USER_SCRIPT_SANDBOXING = YES;
				GCC_C_LANGUAGE_STANDARD = gnu17;
				GCC_DYNAMIC_NO_PIC = NO;
				GCC_NO_COMMON_BLOCKS = YES;
				GCC_OPTIMIZATION_LEVEL = 0;
				GCC_PREPROCESSOR_DEFINITIONS = (
					"DEBUG=1",
					"$(inherited)",
				);
				GCC_WARN_64_TO_32_BIT_CONVERSION = YES;
				GCC_WARN_ABOUT_RETURN_TYPE = YES_ERROR;
				GCC_WARN_UNDECLARED_SELECTOR = YES;
				GCC_WARN_UNINITIALIZED_AUTOS = YES_AGGRESSIVE;
				GCC_WARN_UNUSED_FUNCTION = YES;
				GCC_WARN_UNUSED_VARIABLE = YES;
				IPHONEOS_DEPLOYMENT_TARGET = 18.2;
				LOCALIZATION_PREFERS_STRING_CATALOGS = YES;
				MTL_ENABLE_DEBUG_INFO = INCLUDE_SOURCE;
				MTL_FAST_MATH = YES;
				ONLY_ACTIVE_ARCH = YES;
				SDKROOT = iphoneos;
				SWIFT_ACTIVE_COMPILATION_CONDITIONS = "DEBUG $(inherited)";
				SWIFT_OPTIMIZATION_LEVEL = "-Onone";
			};
			name = Debug;
		};
		F5626DF92DB018440004DE25 /* Release */ = {
			isa = XCBuildConfiguration;
			buildSettings = {
				ALWAYS_SEARCH_USER_PATHS = NO;
				ASSETCATALOG_COMPILER_GENERATE_SWIFT_ASSET_SYMBOL_EXTENSIONS = YES;
				CLANG_ANALYZER_NONNULL = YES;
				CLANG_ANALYZER_NUMBER_OBJECT_CONVERSION = YES_AGGRESSIVE;
				CLANG_CXX_LANGUAGE_STANDARD = "gnu++20";
				CLANG_ENABLE_MODULES = YES;
				CLANG_ENABLE_OBJC_ARC = YES;
				CLANG_ENABLE_OBJC_WEAK = YES;
				CLANG_WARN_BLOCK_CAPTURE_AUTORELEASING = YES;
				CLANG_WARN_BOOL_CONVERSION = YES;
				CLANG_WARN_COMMA = YES;
				CLANG_WARN_CONSTANT_CONVERSION = YES;
				CLANG_WARN_DEPRECATED_OBJC_IMPLEMENTATIONS = YES;
				CLANG_WARN_DIRECT_OBJC_ISA_USAGE = YES_ERROR;
				CLANG_WARN_DOCUMENTATION_COMMENTS = YES;
				CLANG_WARN_EMPTY_BODY = YES;
				CLANG_WARN_ENUM_CONVERSION = YES;
				CLANG_WARN_INFINITE_RECURSION = YES;
				CLANG_WARN_INT_CONVERSION = YES;
				CLANG_WARN_NON_LITERAL_NULL_CONVERSION = YES;
				CLANG_WARN_OBJC_IMPLICIT_RETAIN_SELF = YES;
				CLANG_WARN_OBJC_LITERAL_CONVERSION = YES;
				CLANG_WARN_OBJC_ROOT_CLASS = YES_ERROR;
				CLANG_WARN_QUOTED_INCLUDE_IN_FRAMEWORK_HEADER = YES;
				CLANG_WARN_RANGE_LOOP_ANALYSIS = YES;
				CLANG_WARN_STRICT_PROTOTYPES = YES;
				CLANG_WARN_SUSPICIOUS_MOVE = YES;
				CLANG_WARN_UNGUARDED_AVAILABILITY = YES_AGGRESSIVE;
				CLANG_WARN_UNREACHABLE_CODE = YES;
				CLANG_WARN__DUPLICATE_METHOD_MATCH = YES;
				COPY_PHASE_STRIP = NO;
				DEBUG_INFORMATION_FORMAT = "dwarf-with-dsym";
				ENABLE_NS_ASSERTIONS = NO;
				ENABLE_STRICT_OBJC_MSGSEND = YES;
				ENABLE_USER_SCRIPT_SANDBOXING = YES;
				GCC_C_LANGUAGE_STANDARD = gnu17;
				GCC_NO_COMMON_BLOCKS = YES;
				GCC_WARN_64_TO_32_BIT_CONVERSION = YES;
				GCC_WARN_ABOUT_RETURN_TYPE = YES_ERROR;
				GCC_WARN_UNDECLARED_SELECTOR = YES;
				GCC_WARN_UNINITIALIZED_AUTOS = YES_AGGRESSIVE;
				GCC_WARN_UNUSED_FUNCTION = YES;
				GCC_WARN_UNUSED_VARIABLE = YES;
				IPHONEOS_DEPLOYMENT_TARGET = 18.2;
				LOCALIZATION_PREFERS_STRING_CATALOGS = YES;
				MTL_ENABLE_DEBUG_INFO = NO;
				MTL_FAST_MATH = YES;
				SDKROOT = iphoneos;
				SWIFT_COMPILATION_MODE = wholemodule;
				VALIDATE_PRODUCT = YES;
			};
			name = Release;
		};
		F5626DFB2DB018440004DE25 /* Debug */ = {
			isa = XCBuildConfiguration;
			buildSettings = {
				ASSETCATALOG_COMPILER_APPICON_NAME = AppIcon;
				ASSETCATALOG_COMPILER_GLOBAL_ACCENT_COLOR_NAME = AccentColor;
				CODE_SIGN_STYLE = Automatic;
				CURRENT_PROJECT_VERSION = 1;
				DEVELOPMENT_ASSET_PATHS = "\"SwifUIBootCamp/Preview Content\"";
				DEVELOPMENT_TEAM = 343UBHKPYL;
				ENABLE_PREVIEWS = YES;
				GENERATE_INFOPLIST_FILE = YES;
				INFOPLIST_KEY_UIApplicationSceneManifest_Generation = YES;
				INFOPLIST_KEY_UIApplicationSupportsIndirectInputEvents = YES;
				INFOPLIST_KEY_UILaunchScreen_Generation = YES;
				INFOPLIST_KEY_UISupportedInterfaceOrientations_iPad = "UIInterfaceOrientationPortrait UIInterfaceOrientationPortraitUpsideDown UIInterfaceOrientationLandscapeLeft UIInterfaceOrientationLandscapeRight";
				INFOPLIST_KEY_UISupportedInterfaceOrientations_iPhone = "UIInterfaceOrientationPortrait UIInterfaceOrientationLandscapeLeft UIInterfaceOrientationLandscapeRight";
				LD_RUNPATH_SEARCH_PATHS = (
					"$(inherited)",
					"@executable_path/Frameworks",
				);
				MARKETING_VERSION = 1.0;
				PRODUCT_BUNDLE_IDENTIFIER = com.mirackar.1.SwifUIBootCamp;
				PRODUCT_NAME = "$(TARGET_NAME)";
				SWIFT_EMIT_LOC_STRINGS = YES;
				SWIFT_VERSION = 5.0;
				TARGETED_DEVICE_FAMILY = "1,2";
			};
			name = Debug;
		};
		F5626DFC2DB018440004DE25 /* Release */ = {
			isa = XCBuildConfiguration;
			buildSettings = {
				ASSETCATALOG_COMPILER_APPICON_NAME = AppIcon;
				ASSETCATALOG_COMPILER_GLOBAL_ACCENT_COLOR_NAME = AccentColor;
				CODE_SIGN_STYLE = Automatic;
				CURRENT_PROJECT_VERSION = 1;
				DEVELOPMENT_ASSET_PATHS = "\"SwifUIBootCamp/Preview Content\"";
				DEVELOPMENT_TEAM = 343UBHKPYL;
				ENABLE_PREVIEWS = YES;
				GENERATE_INFOPLIST_FILE = YES;
				INFOPLIST_KEY_UIApplicationSceneManifest_Generation = YES;
				INFOPLIST_KEY_UIApplicationSupportsIndirectInputEvents = YES;
				INFOPLIST_KEY_UILaunchScreen_Generation = YES;
				INFOPLIST_KEY_UISupportedInterfaceOrientations_iPad = "UIInterfaceOrientationPortrait UIInterfaceOrientationPortraitUpsideDown UIInterfaceOrientationLandscapeLeft UIInterfaceOrientationLandscapeRight";
				INFOPLIST_KEY_UISupportedInterfaceOrientations_iPhone = "UIInterfaceOrientationPortrait UIInterfaceOrientationLandscapeLeft UIInterfaceOrientationLandscapeRight";
				LD_RUNPATH_SEARCH_PATHS = (
					"$(inherited)",
					"@executable_path/Frameworks",
				);
				MARKETING_VERSION = 1.0;
				PRODUCT_BUNDLE_IDENTIFIER = com.mirackar.1.SwifUIBootCamp;
				PRODUCT_NAME = "$(TARGET_NAME)";
				SWIFT_EMIT_LOC_STRINGS = YES;
				SWIFT_VERSION = 5.0;
				TARGETED_DEVICE_FAMILY = "1,2";
			};
			name = Release;
		};
		F5626DFE2DB018440004DE25 /* Debug */ = {
			isa = XCBuildConfiguration;
			buildSettings = {
				BUNDLE_LOADER = "$(TEST_HOST)";
				CODE_SIGN_STYLE = Automatic;
				CURRENT_PROJECT_VERSION = 1;
				DEVELOPMENT_TEAM = 343UBHKPYL;
				GENERATE_INFOPLIST_FILE = YES;
				IPHONEOS_DEPLOYMENT_TARGET = 18.2;
				MARKETING_VERSION = 1.0;
				PRODUCT_BUNDLE_IDENTIFIER = com.mirackar.1.SwifUIBootCampTests;
				PRODUCT_NAME = "$(TARGET_NAME)";
				SWIFT_EMIT_LOC_STRINGS = NO;
				SWIFT_VERSION = 5.0;
				TARGETED_DEVICE_FAMILY = "1,2";
				TEST_HOST = "$(BUILT_PRODUCTS_DIR)/SwifUIBootCamp.app/$(BUNDLE_EXECUTABLE_FOLDER_PATH)/SwifUIBootCamp";
			};
			name = Debug;
		};
		F5626DFF2DB018440004DE25 /* Release */ = {
			isa = XCBuildConfiguration;
			buildSettings = {
				BUNDLE_LOADER = "$(TEST_HOST)";
				CODE_SIGN_STYLE = Automatic;
				CURRENT_PROJECT_VERSION = 1;
				DEVELOPMENT_TEAM = 343UBHKPYL;
				GENERATE_INFOPLIST_FILE = YES;
				IPHONEOS_DEPLOYMENT_TARGET = 18.2;
				MARKETING_VERSION = 1.0;
				PRODUCT_BUNDLE_IDENTIFIER = com.mirackar.1.SwifUIBootCampTests;
				PRODUCT_NAME = "$(TARGET_NAME)";
				SWIFT_EMIT_LOC_STRINGS = NO;
				SWIFT_VERSION = 5.0;
				TARGETED_DEVICE_FAMILY = "1,2";
				TEST_HOST = "$(BUILT_PRODUCTS_DIR)/SwifUIBootCamp.app/$(BUNDLE_EXECUTABLE_FOLDER_PATH)/SwifUIBootCamp";
			};
			name = Release;
		};
		F5626E012DB018440004DE25 /* Debug */ = {
			isa = XCBuildConfiguration;
			buildSettings = {
				CODE_SIGN_STYLE = Automatic;
				CURRENT_PROJECT_VERSION = 1;
				DEVELOPMENT_TEAM = 343UBHKPYL;
				GENERATE_INFOPLIST_FILE = YES;
				MARKETING_VERSION = 1.0;
				PRODUCT_BUNDLE_IDENTIFIER = com.mirackar.1.SwifUIBootCampUITests;
				PRODUCT_NAME = "$(TARGET_NAME)";
				SWIFT_EMIT_LOC_STRINGS = NO;
				SWIFT_VERSION = 5.0;
				TARGETED_DEVICE_FAMILY = "1,2";
				TEST_TARGET_NAME = SwifUIBootCamp;
			};
			name = Debug;
		};
		F5626E022DB018440004DE25 /* Release */ = {
			isa = XCBuildConfiguration;
			buildSettings = {
				CODE_SIGN_STYLE = Automatic;
				CURRENT_PROJECT_VERSION = 1;
				DEVELOPMENT_TEAM = 343UBHKPYL;
				GENERATE_INFOPLIST_FILE = YES;
				MARKETING_VERSION = 1.0;
				PRODUCT_BUNDLE_IDENTIFIER = com.mirackar.1.SwifUIBootCampUITests;
				PRODUCT_NAME = "$(TARGET_NAME)";
				SWIFT_EMIT_LOC_STRINGS = NO;
				SWIFT_VERSION = 5.0;
				TARGETED_DEVICE_FAMILY = "1,2";
				TEST_TARGET_NAME = SwifUIBootCamp;
			};
			name = Release;
		};
/* End XCBuildConfiguration section */

/* Begin XCConfigurationList section */
		F5626DD12DB018430004DE25 /* Build configuration list for PBXProject "SwifUIBootCamp" */ = {
			isa = XCConfigurationList;
			buildConfigurations = (
				F5626DF82DB018440004DE25 /* Debug */,
				F5626DF92DB018440004DE25 /* Release */,
			);
			defaultConfigurationIsVisible = 0;
			defaultConfigurationName = Release;
		};
		F5626DFA2DB018440004DE25 /* Build configuration list for PBXNativeTarget "SwifUIBootCamp" */ = {
			isa = XCConfigurationList;
			buildConfigurations = (
				F5626DFB2DB018440004DE25 /* Debug */,
				F5626DFC2DB018440004DE25 /* Release */,
			);
			defaultConfigurationIsVisible = 0;
			defaultConfigurationName = Release;
		};
		F5626DFD2DB018440004DE25 /* Build configuration list for PBXNativeTarget "SwifUIBootCampTests" */ = {
			isa = XCConfigurationList;
			buildConfigurations = (
				F5626DFE2DB018440004DE25 /* Debug */,
				F5626DFF2DB018440004DE25 /* Release */,
			);
			defaultConfigurationIsVisible = 0;
			defaultConfigurationName = Release;
		};
		F5626E002DB018440004DE25 /* Build configuration list for PBXNativeTarget "SwifUIBootCampUITests" */ = {
			isa = XCConfigurationList;
			buildConfigurations = (
				F5626E012DB018440004DE25 /* Debug */,
				F5626E022DB018440004DE25 /* Release */,
			);
			defaultConfigurationIsVisible = 0;
			defaultConfigurationName = Release;
		};
/* End XCConfigurationList section */
	};
	rootObject = F5626DCE2DB018430004DE25 /* Project object */;
}
